
Microsoft Visual Studio Solution File, Format Version 12.00
# Visual Studio 2012
Project("{8BC9CEB8-8B4A-11D0-8D11-00A0C91BC942}") = "face-io-seg-windows", "face-io-seg-windows\face-io-seg-windows.vcxproj", "{BE04AC2C-F292-4B27-9CC0-9910EAE1D376}"
EndProject
Project("{8BC9CEB8-8B4A-11D0-8D11-00A0C91BC942}") = "face-io-lib", "..\face-io-lib\face-io-lib\face-io-lib.vcxproj", "{75BC4EA6-D056-4D9B-A824-1BB1ED50ADFB}"
EndProject
Global
	GlobalSection(SolutionConfigurationPlatforms) = preSolution
		Debug|Win32 = Debug|Win32
		Release|Win32 = Release|Win32
	EndGlobalSection
	GlobalSection(ProjectConfigurationPlatforms) = postSolution
		{BE04AC2C-F292-4B27-9CC0-9910EAE1D376}.Debug|Win32.ActiveCfg = Debug|Win32
		{BE04AC2C-F292-4B27-9CC0-9910EAE1D376}.Debug|Win32.Build.0 = Debug|Win32
		{BE04AC2C-F292-4B27-9CC0-9910EAE1D376}.Release|Win32.ActiveCfg = Release|Win32
		{BE04AC2C-F292-4B27-9CC0-9910EAE1D376}.Release|Win32.Build.0 = Release|Win32
		{75BC4EA6-D056-4D9B-A824-1BB1ED50ADFB}.Debug|Win32.ActiveCfg = Debug|Win32
		{75BC4EA6-D056-4D9B-A824-1BB1ED50ADFB}.Debug|Win32.Build.0 = Debug|Win32
		{75BC4EA6-D056-4D9B-A824-1BB1ED50ADFB}.Release|Win32.ActiveCfg = Release|Win32
		{75BC4EA6-D056-4D9B-A824-1BB1ED50ADFB}.Release|Win32.Build.0 = Release|Win32
	EndGlobalSection
	GlobalSection(SolutionProperties) = preSolution
		HideSolutionNode = FALSE
	EndGlobalSection
EndGlobal
